<?xml version="1.0" encoding="utf-8"?>
<Project ToolsVersion="4.0" xmlns="http://schemas.microsoft.com/developer/msbuild/2003">
  <ItemGroup>
    <Filter Include="Source Files">
      <UniqueIdentifier>{4FC737F1-C7A5-4376-A066-2A32D752A2FF}</UniqueIdentifier>
      <Extensions>cpp;c;cc;cxx;c++;cppm;ixx;def;odl;idl;hpj;bat;asm;asmx</Extensions>
    </Filter>
    <Filter Include="Header Files">
      <UniqueIdentifier>{93995380-89BD-4b04-88EB-625FBE52EBFB}</UniqueIdentifier>
      <Extensions>h;hh;hpp;hxx;h++;hm;inl;inc;ipp;xsd</Extensions>
    </Filter>
    <Filter Include="Header Files\data">
      <UniqueIdentifier>{0c7a24ed-356d-456b-b31b-391f60dbd909}</UniqueIdentifier>
    </Filter>
    <Filter Include="Header Files\data\gpu">
      <UniqueIdentifier>{610b3642-619d-487f-8f38-6e7f83e7f3db}</UniqueIdentifier>
    </Filter>
  </ItemGroup>
  <ItemGroup>
    <ClInclude Include="source\framework.h">
      <Filter>Source Files</Filter>
    </ClInclude>
    <ClInclude Include="source\pch.h">
      <Filter>Source Files</Filter>
    </ClInclude>
    <ClInclude Include="Include\shared\ChronoDefs.hpp">
      <Filter>Header Files</Filter>
    </ClInclude>
    <ClInclude Include="Include\shared\EventQueue2.hpp">
      <Filter>Header Files</Filter>
    </ClInclude>
    <ClInclude Include="Include\shared\IEventQueue.hpp">
      <Filter>Header Files</Filter>
    </ClInclude>
    <ClInclude Include="Include\shared\Log.hpp">
      <Filter>Header Files</Filter>
    </ClInclude>
    <ClInclude Include="Include\shared\NonCopyMove.hpp">
      <Filter>Header Files</Filter>
    </ClInclude>
    <ClInclude Include="Include\shared\Strings.hpp">
      <Filter>Header Files</Filter>
    </ClInclude>
    <ClInclude Include="Include\shared\data\Tags.hpp">
      <Filter>Header Files\data</Filter>
    </ClInclude>
    <ClInclude Include="Include\shared\data\gpu\GeometryRegion.hpp">
      <Filter>Header Files\data\gpu</Filter>
    </ClInclude>
    <ClInclude Include="Include\shared\data\gpu\Object.hpp">
      <Filter>Header Files\data\gpu</Filter>
    </ClInclude>
    <ClInclude Include="Include\shared\TripleBuffer.hpp">
      <Filter>Header Files</Filter>
    </ClInclude>
    <ClInclude Include="Include\shared\EngineEvents.hpp">
      <Filter>Header Files</Filter>
    </ClInclude>
    <ClInclude Include="Include\shared\EngineOptions.hpp">
      <Filter>Header Files</Filter>
    </ClInclude>
    <ClInclude Include="Include\shared\Handle.hpp">
      <Filter>Header Files</Filter>
    </ClInclude>
    <ClInclude Include="Include\shared\HandleGenerator.hpp">
      <Filter>Header Files</Filter>
    </ClInclude>
    <ClInclude Include="Include\shared\HandleMapper.hpp">
      <Filter>Header Files</Filter>
    </ClInclude>
    <ClInclude Include="Include\shared\IStateBuffer.hpp">
      <Filter>Header Files</Filter>
    </ClInclude>
    <ClInclude Include="Include\shared\RenderSettingsEvent.hpp">
      <Filter>Header Files</Filter>
    </ClInclude>
    <ClInclude Include="Include\shared\RenderSurfaceState.hpp">
      <Filter>Header Files</Filter>
    </ClInclude>
    <ClInclude Include="Include\shared\ResizeEvent.hpp">
      <Filter>Header Files</Filter>
    </ClInclude>
    <ClInclude Include="Include\shared\SimState.hpp">
      <Filter>Header Files</Filter>
    </ClInclude>
    <ClInclude Include="Include\shared\Size.hpp">
      <Filter>Header Files</Filter>
    </ClInclude>
    <ClInclude Include="Include\shared\StateBuffer.hpp">
      <Filter>Header Files</Filter>
    </ClInclude>
  </ItemGroup>
  <ItemGroup>
    <ClCompile Include="source\Log.cxx">
      <Filter>Source Files</Filter>
    </ClCompile>
    <ClCompile Include="source\pch.cpp">
      <Filter>Source Files</Filter>
    </ClCompile>
  </ItemGroup>
</Project>